Microsoft Visual Studio Solution File, Format Version 12.00
# Visual Studio 2013
VisualStudioVersion = 12.0.30110.0
MinimumVisualStudioVersion = 10.0.40219.1
Project("{FAE04EC0-301F-11D3-BF4B-00C04F79EFBC}") = "Overseer.Common", "Overseer.Common\Overseer.Common.csproj", "{8081C50C-F032-4D5A-8630-B85DF58C9F55}"
EndProject
Project("{FAE04EC0-301F-11D3-BF4B-00C04F79EFBC}") = "Overseer.Common.Tests", "Overseer.Common.Tests\Overseer.Common.Tests.csproj", "{5D73EF45-F0D3-41A2-9471-34D1F37A3E2E}"
EndProject
Project("{FAE04EC0-301F-11D3-BF4B-00C04F79EFBC}") = "Overseer.WebApp.Tests", "Overseer.WebApp.Tests\Overseer.WebApp.Tests.csproj", "{F2CCF21B-0C06-4466-8F94-0CE87EDBC023}"
EndProject
Project("{FAE04EC0-301F-11D3-BF4B-00C04F79EFBC}") = "Overseer.WebApp", "Overseer.WebApp\Overseer.WebApp.csproj", "{B4F9C525-5C56-440E-B4C2-972A33D7C8CD}"
EndProject
Project("{FAE04EC0-301F-11D3-BF4B-00C04F79EFBC}") = "Overseer.Doorkeeper", "Overseer.Doorkeeper\Overseer.Doorkeeper.csproj", "{043FE83E-4567-4151-AEA4-8329EBE5B0F6}"
EndProject
Project("{FAE04EC0-301F-11D3-BF4B-00C04F79EFBC}") = "Overseer.Doorkeeper.Tests", "Overseer.Doorkeeper.Tests\Overseer.Doorkeeper.Tests.csproj", "{54A39B55-E311-40D2-9A51-945990A6A312}"
EndProject
Project("{FAE04EC0-301F-11D3-BF4B-00C04F79EFBC}") = "Overseer.Watchdog", "Overseer.Watchdog\Overseer.Watchdog.csproj", "{AD930105-9946-43C2-8B2F-266CA80EB8FA}"
EndProject
Project("{FAE04EC0-301F-11D3-BF4B-00C04F79EFBC}") = "Overseer.GoldenRetriever", "Overseer.GoldenRetriever\Overseer.GoldenRetriever.csproj", "{340A6701-0C33-4F63-B0AD-10556EBD2F04}"
EndProject
Project("{FAE04EC0-301F-11D3-BF4B-00C04F79EFBC}") = "Overseer.NumberExtractor", "Overseer.NumberExtractor\Overseer.NumberExtractor.csproj", "{2C96B668-4D1D-4AD0-AF65-3C0C84BA9F36}"
EndProject
Project("{2150E333-8FDC-42A3-9474-1A3956D46DE8}") = "MicroServices", "MicroServices", "{C754B318-5329-49EE-83D8-B1ECB6A58A7C}"
EndProject
Project("{FAE04EC0-301F-11D3-BF4B-00C04F79EFBC}") = "Overseer.Checker", "Overseer.Checker\Overseer.Checker.csproj", "{4DBC2D62-5BFB-4738-8E61-59A5B648B218}"
EndProject
Project("{FAE04EC0-301F-11D3-BF4B-00C04F79EFBC}") = "Overseer.CheckLog", "Overseer.CheckLog\Overseer.CheckLog.csproj", "{C070E058-5683-493D-8B50-4D81B0FFEBC3}"
EndProject
Global
	GlobalSection(SolutionConfigurationPlatforms) = preSolution
		Debug|Any CPU = Debug|Any CPU
		Release|Any CPU = Release|Any CPU
		Test|Any CPU = Test|Any CPU
	EndGlobalSection
	GlobalSection(ProjectConfigurationPlatforms) = postSolution
		{8081C50C-F032-4D5A-8630-B85DF58C9F55}.Debug|Any CPU.ActiveCfg = Debug|Any CPU
		{8081C50C-F032-4D5A-8630-B85DF58C9F55}.Debug|Any CPU.Build.0 = Debug|Any CPU
		{8081C50C-F032-4D5A-8630-B85DF58C9F55}.Release|Any CPU.ActiveCfg = Release|Any CPU
		{8081C50C-F032-4D5A-8630-B85DF58C9F55}.Release|Any CPU.Build.0 = Release|Any CPU
		{8081C50C-F032-4D5A-8630-B85DF58C9F55}.Test|Any CPU.ActiveCfg = Test|Any CPU
		{8081C50C-F032-4D5A-8630-B85DF58C9F55}.Test|Any CPU.Build.0 = Test|Any CPU
		{5D73EF45-F0D3-41A2-9471-34D1F37A3E2E}.Debug|Any CPU.ActiveCfg = Debug|Any CPU
		{5D73EF45-F0D3-41A2-9471-34D1F37A3E2E}.Debug|Any CPU.Build.0 = Debug|Any CPU
		{5D73EF45-F0D3-41A2-9471-34D1F37A3E2E}.Release|Any CPU.ActiveCfg = Release|Any CPU
		{5D73EF45-F0D3-41A2-9471-34D1F37A3E2E}.Release|Any CPU.Build.0 = Release|Any CPU
		{5D73EF45-F0D3-41A2-9471-34D1F37A3E2E}.Test|Any CPU.ActiveCfg = Test|Any CPU
		{5D73EF45-F0D3-41A2-9471-34D1F37A3E2E}.Test|Any CPU.Build.0 = Test|Any CPU
		{F2CCF21B-0C06-4466-8F94-0CE87EDBC023}.Debug|Any CPU.ActiveCfg = Debug|Any CPU
		{F2CCF21B-0C06-4466-8F94-0CE87EDBC023}.Debug|Any CPU.Build.0 = Debug|Any CPU
		{F2CCF21B-0C06-4466-8F94-0CE87EDBC023}.Release|Any CPU.ActiveCfg = Release|Any CPU
		{F2CCF21B-0C06-4466-8F94-0CE87EDBC023}.Release|Any CPU.Build.0 = Release|Any CPU
		{F2CCF21B-0C06-4466-8F94-0CE87EDBC023}.Test|Any CPU.ActiveCfg = Test|Any CPU
		{F2CCF21B-0C06-4466-8F94-0CE87EDBC023}.Test|Any CPU.Build.0 = Test|Any CPU
		{B4F9C525-5C56-440E-B4C2-972A33D7C8CD}.Debug|Any CPU.ActiveCfg = Debug|Any CPU
		{B4F9C525-5C56-440E-B4C2-972A33D7C8CD}.Debug|Any CPU.Build.0 = Debug|Any CPU
		{B4F9C525-5C56-440E-B4C2-972A33D7C8CD}.Release|Any CPU.ActiveCfg = Release|Any CPU
		{B4F9C525-5C56-440E-B4C2-972A33D7C8CD}.Release|Any CPU.Build.0 = Release|Any CPU
		{B4F9C525-5C56-440E-B4C2-972A33D7C8CD}.Test|Any CPU.ActiveCfg = Test|Any CPU
		{B4F9C525-5C56-440E-B4C2-972A33D7C8CD}.Test|Any CPU.Build.0 = Test|Any CPU
		{043FE83E-4567-4151-AEA4-8329EBE5B0F6}.Debug|Any CPU.ActiveCfg = Debug|Any CPU
		{043FE83E-4567-4151-AEA4-8329EBE5B0F6}.Debug|Any CPU.Build.0 = Debug|Any CPU
		{043FE83E-4567-4151-AEA4-8329EBE5B0F6}.Release|Any CPU.ActiveCfg = Release|Any CPU
		{043FE83E-4567-4151-AEA4-8329EBE5B0F6}.Release|Any CPU.Build.0 = Release|Any CPU
		{043FE83E-4567-4151-AEA4-8329EBE5B0F6}.Test|Any CPU.ActiveCfg = Test|Any CPU
		{043FE83E-4567-4151-AEA4-8329EBE5B0F6}.Test|Any CPU.Build.0 = Test|Any CPU
		{54A39B55-E311-40D2-9A51-945990A6A312}.Debug|Any CPU.ActiveCfg = Debug|Any CPU
		{54A39B55-E311-40D2-9A51-945990A6A312}.Debug|Any CPU.Build.0 = Debug|Any CPU
		{54A39B55-E311-40D2-9A51-945990A6A312}.Release|Any CPU.ActiveCfg = Release|Any CPU
		{54A39B55-E311-40D2-9A51-945990A6A312}.Release|Any CPU.Build.0 = Release|Any CPU
		{54A39B55-E311-40D2-9A51-945990A6A312}.Test|Any CPU.ActiveCfg = Test|Any CPU
		{54A39B55-E311-40D2-9A51-945990A6A312}.Test|Any CPU.Build.0 = Test|Any CPU
		{AD930105-9946-43C2-8B2F-266CA80EB8FA}.Debug|Any CPU.ActiveCfg = Debug|Any CPU
		{AD930105-9946-43C2-8B2F-266CA80EB8FA}.Debug|Any CPU.Build.0 = Debug|Any CPU
		{AD930105-9946-43C2-8B2F-266CA80EB8FA}.Release|Any CPU.ActiveCfg = Release|Any CPU
		{AD930105-9946-43C2-8B2F-266CA80EB8FA}.Release|Any CPU.Build.0 = Release|Any CPU
		{AD930105-9946-43C2-8B2F-266CA80EB8FA}.Test|Any CPU.ActiveCfg = Test|Any CPU
		{AD930105-9946-43C2-8B2F-266CA80EB8FA}.Test|Any CPU.Build.0 = Test|Any CPU
		{340A6701-0C33-4F63-B0AD-10556EBD2F04}.Debug|Any CPU.ActiveCfg = Debug|Any CPU
		{340A6701-0C33-4F63-B0AD-10556EBD2F04}.Debug|Any CPU.Build.0 = Debug|Any CPU
		{340A6701-0C33-4F63-B0AD-10556EBD2F04}.Release|Any CPU.ActiveCfg = Release|Any CPU
		{340A6701-0C33-4F63-B0AD-10556EBD2F04}.Release|Any CPU.Build.0 = Release|Any CPU
		{340A6701-0C33-4F63-B0AD-10556EBD2F04}.Test|Any CPU.ActiveCfg = Release|Any CPU
		{340A6701-0C33-4F63-B0AD-10556EBD2F04}.Test|Any CPU.Build.0 = Release|Any CPU
		{2C96B668-4D1D-4AD0-AF65-3C0C84BA9F36}.Debug|Any CPU.ActiveCfg = Debug|Any CPU
		{2C96B668-4D1D-4AD0-AF65-3C0C84BA9F36}.Debug|Any CPU.Build.0 = Debug|Any CPU
		{2C96B668-4D1D-4AD0-AF65-3C0C84BA9F36}.Release|Any CPU.ActiveCfg = Release|Any CPU
		{2C96B668-4D1D-4AD0-AF65-3C0C84BA9F36}.Release|Any CPU.Build.0 = Release|Any CPU
		{2C96B668-4D1D-4AD0-AF65-3C0C84BA9F36}.Test|Any CPU.ActiveCfg = Release|Any CPU
		{2C96B668-4D1D-4AD0-AF65-3C0C84BA9F36}.Test|Any CPU.Build.0 = Release|Any CPU
		{4DBC2D62-5BFB-4738-8E61-59A5B648B218}.Debug|Any CPU.ActiveCfg = Debug|Any CPU
		{4DBC2D62-5BFB-4738-8E61-59A5B648B218}.Debug|Any CPU.Build.0 = Debug|Any CPU
		{4DBC2D62-5BFB-4738-8E61-59A5B648B218}.Release|Any CPU.ActiveCfg = Release|Any CPU
		{4DBC2D62-5BFB-4738-8E61-59A5B648B218}.Release|Any CPU.Build.0 = Release|Any CPU
		{4DBC2D62-5BFB-4738-8E61-59A5B648B218}.Test|Any CPU.ActiveCfg = Release|Any CPU
		{4DBC2D62-5BFB-4738-8E61-59A5B648B218}.Test|Any CPU.Build.0 = Release|Any CPU
		{C070E058-5683-493D-8B50-4D81B0FFEBC3}.Debug|Any CPU.ActiveCfg = Debug|Any CPU
		{C070E058-5683-493D-8B50-4D81B0FFEBC3}.Debug|Any CPU.Build.0 = Debug|Any CPU
		{C070E058-5683-493D-8B50-4D81B0FFEBC3}.Release|Any CPU.ActiveCfg = Release|Any CPU
		{C070E058-5683-493D-8B50-4D81B0FFEBC3}.Release|Any CPU.Build.0 = Release|Any CPU
		{C070E058-5683-493D-8B50-4D81B0FFEBC3}.Test|Any CPU.ActiveCfg = Release|Any CPU
		{C070E058-5683-493D-8B50-4D81B0FFEBC3}.Test|Any CPU.Build.0 = Release|Any CPU
	EndGlobalSection
	GlobalSection(SolutionProperties) = preSolution
		HideSolutionNode = FALSE
	EndGlobalSection
	GlobalSection(NestedProjects) = preSolution
		{340A6701-0C33-4F63-B0AD-10556EBD2F04} = {C754B318-5329-49EE-83D8-B1ECB6A58A7C}
		{2C96B668-4D1D-4AD0-AF65-3C0C84BA9F36} = {C754B318-5329-49EE-83D8-B1ECB6A58A7C}
		{AD930105-9946-43C2-8B2F-266CA80EB8FA} = {C754B318-5329-49EE-83D8-B1ECB6A58A7C}
		{4DBC2D62-5BFB-4738-8E61-59A5B648B218} = {C754B318-5329-49EE-83D8-B1ECB6A58A7C}
		{C070E058-5683-493D-8B50-4D81B0FFEBC3} = {C754B318-5329-49EE-83D8-B1ECB6A58A7C}
	EndGlobalSection
EndGlobal
